<?xml version="1.0" encoding="utf-8"?>
<Project ToolsVersion="4.0" xmlns="http://schemas.microsoft.com/developer/msbuild/2003">
  <ItemGroup>
    <Filter Include="Source Files">
      <UniqueIdentifier>{4FC737F1-C7A5-4376-A066-2A32D752A2FF}</UniqueIdentifier>
      <Extensions>cpp;c;cc;cxx;def;odl;idl;hpj;bat;asm;asmx</Extensions>
    </Filter>
    <Filter Include="Resource Files">
      <UniqueIdentifier>{67DA6AB6-F800-4c08-8B7A-83BB121AAD01}</UniqueIdentifier>
      <Extensions>rc;ico;cur;bmp;dlg;rc2;rct;bin;rgs;gif;jpg;jpeg;jpe;resx;tiff;tif;png;wav;mfcribbon-ms</Extensions>
    </Filter>
    <Filter Include="CGAL">
      <UniqueIdentifier>{0fabf23c-1795-4daf-9786-b1a159337a47}</UniqueIdentifier>
    </Filter>
    <Filter Include="Matlab">
      <UniqueIdentifier>{327e3f5f-445e-4d79-ae93-7925441990f6}</UniqueIdentifier>
    </Filter>
    <Filter Include="Parser">
      <UniqueIdentifier>{f375f229-c303-4c30-b425-d0d860b786c8}</UniqueIdentifier>
    </Filter>
    <Filter Include="Pardiso">
      <UniqueIdentifier>{a649909d-b782-441f-aeeb-084c9ef555bc}</UniqueIdentifier>
    </Filter>
  </ItemGroup>
  <ItemGroup>
    <ClInclude Include="..\CGAL\CGAL_Mesh.h">
      <Filter>CGAL</Filter>
    </ClInclude>
    <ClInclude Include="..\CGAL\CGAL_Face.h">
      <Filter>CGAL</Filter>
    </ClInclude>
    <ClInclude Include="..\CGAL\CGAL_Halfedge.h">
      <Filter>CGAL</Filter>
    </ClInclude>
    <ClInclude Include="..\CGAL\CGAL_Vertex.h">
      <Filter>CGAL</Filter>
    </ClInclude>
    <ClInclude Include="..\Utils\MatlabGMMDataExchange.h">
      <Filter>Matlab</Filter>
    </ClInclude>
    <ClInclude Include="..\Utils\GMM_Macros.h">
      <Filter>Matlab</Filter>
    </ClInclude>
    <ClInclude Include="..\Parser\Seam.h">
      <Filter>Parser</Filter>
    </ClInclude>
    <ClInclude Include="..\Parser\Vec2.h">
      <Filter>Parser</Filter>
    </ClInclude>
    <ClInclude Include="..\Parser\Vec3.h">
      <Filter>Parser</Filter>
    </ClInclude>
    <ClInclude Include="..\Parser\Parser.h">
      <Filter>Parser</Filter>
    </ClInclude>
    <ClInclude Include="..\Parser\Cone.h">
      <Filter>Parser</Filter>
    </ClInclude>
    <ClInclude Include="..\Parser\MeshBuffer.h">
      <Filter>Parser</Filter>
    </ClInclude>
    <ClInclude Include="FrameFixingClass.h">
      <Filter>Source Files</Filter>
    </ClInclude>
    <ClInclude Include="HGP.h">
      <Filter>Source Files</Filter>
    </ClInclude>
    <ClInclude Include="Borders.h">
      <Filter>Source Files</Filter>
    </ClInclude>
    <ClInclude Include="..\Utils\Limit_Util.h">
      <Filter>Source Files</Filter>
    </ClInclude>
    <ClInclude Include="..\CGAL\CGAL_Macros.h">
      <Filter>CGAL</Filter>
    </ClInclude>
    <ClInclude Include="..\Utils\pardiso.h">
      <Filter>Pardiso</Filter>
    </ClInclude>
    <ClInclude Include="..\Utils\PardisoLinearSolver.h">
      <Filter>Pardiso</Filter>
    </ClInclude>
    <ClInclude Include="..\Utils\MatlabInterface.h">
      <Filter>Matlab</Filter>
    </ClInclude>
    <ClInclude Include="FastHGP.h">
      <Filter>Source Files</Filter>
    </ClInclude>
    <ClInclude Include="HarmonicParametrization.h">
      <Filter>Source Files</Filter>
    </ClInclude>
  </ItemGroup>
  <ItemGroup>
    <ClCompile Include="main.cpp">
      <Filter>Source Files</Filter>
    </ClCompile>
    <ClCompile Include="..\Utils\MatlabGMMDataExchange.cpp">
      <Filter>Matlab</Filter>
    </ClCompile>
    <ClCompile Include="..\Parser\Parser.cpp">
      <Filter>Parser</Filter>
    </ClCompile>
    <ClCompile Include="..\Parser\Seam.cpp">
      <Filter>Parser</Filter>
    </ClCompile>
    <ClCompile Include="..\Parser\Vec2.cpp">
      <Filter>Parser</Filter>
    </ClCompile>
    <ClCompile Include="..\Parser\Vec3.cpp">
      <Filter>Parser</Filter>
    </ClCompile>
    <ClCompile Include="..\Parser\Cone.cpp">
      <Filter>Parser</Filter>
    </ClCompile>
    <ClCompile Include="..\Parser\MeshBuffer.cpp">
      <Filter>Parser</Filter>
    </ClCompile>
    <ClCompile Include="FrameFixingClass.cpp">
      <Filter>Source Files</Filter>
    </ClCompile>
    <ClCompile Include="HGP.cpp">
      <Filter>Source Files</Filter>
    </ClCompile>
    <ClCompile Include="Borders.cpp">
      <Filter>Source Files</Filter>
    </ClCompile>
    <ClCompile Include="..\Utils\Limit_Util.cpp">
      <Filter>Source Files</Filter>
    </ClCompile>
    <ClCompile Include="..\Utils\PardisoLinearSolver.cpp">
      <Filter>Pardiso</Filter>
    </ClCompile>
    <ClCompile Include="..\Utils\MatlabInterface.cpp">
      <Filter>Matlab</Filter>
    </ClCompile>
    <ClCompile Include="FastHGP.cpp">
      <Filter>Source Files</Filter>
    </ClCompile>
    <ClCompile Include="HarmonicParametrization.cpp">
      <Filter>Source Files</Filter>
    </ClCompile>
  </ItemGroup>
</Project>